# Hash-verified lockfile for stsw development
# Generated: 2025-06-25
# Python: >=3.9

pytest==8.0.0 \
    --hash=sha256:placeholder
pytest-cov==4.1.0 \
    --hash=sha256:placeholder
pytest-xdist==3.5.0 \
    --hash=sha256:placeholder
hypothesis==6.98.0 \
    --hash=sha256:placeholder
coverage[toml]==7.4.0 \
    --hash=sha256:placeholder
pyright==1.1.350 \
    --hash=sha256:placeholder
ruff==0.4.0 \
    --hash=sha256:placeholder
black==24.1.0 \
    --hash=sha256:placeholder
mutmut==2.4.4 \
    --hash=sha256:placeholder
pre-commit==3.6.0 \
    --hash=sha256:placeholder